<Solution>
  <Project Path="ApiService/ApiService.csproj" />
  <Project Path="BaseAbstraction/BaseAbstraction.csproj" />
  <Project Path="CRUDRepositories/CrudRepositories.csproj" />
  <Project Path="Entities/Entities.csproj" />
  <Project Path="Infrastructure/Infrastructure.csproj" />
  <Project Path="Services/Services.csproj" />
  <Project Path="Telemetry/Telemetry.csproj" />
</Solution>
