<Solution>
  <Project Path="D:/Project/Xenni ApiGateway/XenniGatewayBackend/ApiService/ApiService.csproj" />
  <Project Path="D:/Project/Xenni ApiGateway/XenniGatewayBackend/BackgroundServices/BackgroundServices.csproj" Id="6c5e3429-695f-496d-952b-bc66b0b937e9" />
  <Project Path="D:/Project/Xenni ApiGateway/XenniGatewayBackend/Entities/Entities.csproj" />
  <Project Path="D:/Project/Xenni ApiGateway/XenniGatewayBackend/Infrastructure/Infrastructure.csproj" />
  <Project Path="D:/Project/Xenni ApiGateway/XenniGatewayBackend/Repository/Repository.csproj" Id="554f702c-15c7-48b5-8afa-f067f8874c29" />
  <Project Path="D:/Project/Xenni ApiGateway/XenniGatewayBackend/Services/Services.csproj" />
  <Project Path="D:/Project/Xenni ApiGateway/XenniGatewayBackend/Telemetry/Telemetry.csproj" />
</Solution>
